PODS:
  - FinApplet (2.40.3)
  - FinAppletExt (2.40.3):
    - FinApplet (= 2.40.3)
  - Flutter (1.0.0)
  - mop (0.1.1):
    - FinApplet (= 2.40.3)
    - FinAppletExt (= 2.40.3)
    - Flutter

DEPENDENCIES:
  - Flutter (from `Flutter`)
  - mop (from `.symlinks/plugins/mop/ios`)

SPEC REPOS:
  trunk:
    - FinApplet
    - FinAppletExt

EXTERNAL SOURCES:
  Flutter:
    :path: Flutter
  mop:
    :path: ".symlinks/plugins/mop/ios"

SPEC CHECKSUMS:
  FinApplet: a76ded99df163388bb4de129df20c0ff44abe37c
  FinAppletExt: 5c53d5c3554ce1be014871214a5c7a06f0bf9177
  Flutter: 50d75fe2f02b26cc09d224853bb45737f8b3214a
  mop: 4881eb2c1d365d9cf148b5dc7f8eca2b7018121d

PODFILE CHECKSUM: 2317ba7584871ae8cd67fd0244fbd5e96fd06167

COCOAPODS: 1.11.3
