PODS:
  - FinApplet (2.1.5)
  - Flutter (1.0.0)
  - mop (0.1.0):
    - FinApplet (= 2.1.5)
    - Flutter

DEPENDENCIES:
  - Flutter (from `.symlinks/flutter/ios-release`)
  - mop (from `.symlinks/plugins/mop/ios`)

SPEC REPOS:
  https://github.com/CocoaPods/Specs.git:
    - FinApplet

EXTERNAL SOURCES:
  Flutter:
    :path: ".symlinks/flutter/ios-release"
  mop:
    :path: ".symlinks/plugins/mop/ios"

SPEC CHECKSUMS:
  FinApplet: adb43373a01ff90832969b1534d40c08344063f6
  Flutter: 0e3d915762c693b495b44d77113d4970485de6ec
  mop: c0e0dfb65c6a482e47f0fffc9a6576d88e7636b5

PODFILE CHECKSUM: b66559db98de00d11e349a06f9e603856ed75d6e

COCOAPODS: 1.9.1
