PODS:
  - FinApplet (2.45.1)
  - FinAppletExt (2.45.1):
    - FinApplet (= 2.45.1)
  - Flutter (1.0.0)
  - mop (0.1.1):
    - FinApplet (= 2.45.1)
    - FinAppletExt (= 2.45.1)
    - Flutter

DEPENDENCIES:
  - Flutter (from `Flutter`)
  - mop (from `.symlinks/plugins/mop/ios`)

SPEC REPOS:
  ssh://gitlab.finogeeks.club/finclip-ios/FinPods:
    - FinApplet
    - FinAppletExt

EXTERNAL SOURCES:
  Flutter:
    :path: Flutter
  mop:
    :path: ".symlinks/plugins/mop/ios"

SPEC CHECKSUMS:
  FinApplet: eea27894485c871a94b2ded79a8fe1e84d7ffcc9
  FinAppletExt: 231dde4c4ed3862b70179c3dfac7406090ace955
  Flutter: 50d75fe2f02b26cc09d224853bb45737f8b3214a
  mop: afa40651ec188a85a27c068d5afa2a97c6a53a01

PODFILE CHECKSUM: 2da0220ee5ba22a2dfcec42dfe5b17d05f3c3da9

COCOAPODS: 1.15.2
